
Microsoft Visual Studio Solution File, Format Version 12.00
# Visual Studio Version 16
VisualStudioVersion = 16.0.28803.156
MinimumVisualStudioVersion = 10.0.40219.1
Project("{FAE04EC0-301F-11D3-BF4B-00C04F79EFBC}") = "JsonReaderApp", "JsonReaderApp\JsonReaderApp.csproj", "{2D52CDCC-4DEE-4970-9BF9-E46B098D5389}"
EndProject
Global
	GlobalSection(SolutionConfigurationPlatforms) = preSolution
		Debug|Any CPU = Debug|Any CPU
		Release|Any CPU = Release|Any CPU
	EndGlobalSection
	GlobalSection(ProjectConfigurationPlatforms) = postSolution
		{2D52CDCC-4DEE-4970-9BF9-E46B098D5389}.Debug|Any CPU.ActiveCfg = Debug|Any CPU
		{2D52CDCC-4DEE-4970-9BF9-E46B098D5389}.Debug|Any CPU.Build.0 = Debug|Any CPU
		{2D52CDCC-4DEE-4970-9BF9-E46B098D5389}.Release|Any CPU.ActiveCfg = Release|Any CPU
		{2D52CDCC-4DEE-4970-9BF9-E46B098D5389}.Release|Any CPU.Build.0 = Release|Any CPU
	EndGlobalSection
	GlobalSection(SolutionProperties) = preSolution
		HideSolutionNode = FALSE
	EndGlobalSection
	GlobalSection(ExtensibilityGlobals) = postSolution
		SolutionGuid = {C9311A1B-2C32-4C6B-A86D-7F13287A07B7}
	EndGlobalSection
EndGlobal
